// !$*UTF8*$!
{
	archiveVersion = 1;
	classes = {
	};
	objectVersion = 50;
	objects = {

/* Begin PBXBuildFile section */
		2610C1B621226B75008AAE9A /* back.png in Resources */ = {isa = PBXBuildFile; fileRef = 2610C1B521226B75008AAE9A /* back.png */; };
		2610C1B92122755C008AAE9A /* YQPhotoNavBarView.m in Sources */ = {isa = PBXBuildFile; fileRef = 2610C1B82122755C008AAE9A /* YQPhotoNavBarView.m */; };
		2610C1BF2122A4D5008AAE9A /* LaunchScreen.xib in Resources */ = {isa = PBXBuildFile; fileRef = 2610C1BE2122A4D5008AAE9A /* LaunchScreen.xib */; };
		2610C1C22122AD57008AAE9A /* YQPhotoPickerViewController.m in Sources */ = {isa = PBXBuildFile; fileRef = 2610C1C12122AD57008AAE9A /* YQPhotoPickerViewController.m */; };
		2610C1C52122B739008AAE9A /* YQPhotoAlbumListViewController.m in Sources */ = {isa = PBXBuildFile; fileRef = 2610C1C42122B739008AAE9A /* YQPhotoAlbumListViewController.m */; };
		2610C1C82122BBE5008AAE9A /* YQAlbumManager.m in Sources */ = {isa = PBXBuildFile; fileRef = 2610C1C72122BBE5008AAE9A /* YQAlbumManager.m */; };
		2610C1CB2122C919008AAE9A /* YQAlbumModel.m in Sources */ = {isa = PBXBuildFile; fileRef = 2610C1CA2122C919008AAE9A /* YQAlbumModel.m */; };
		2610C1CE2122CCB6008AAE9A /* YQPhotoAlbumDetailViewController.m in Sources */ = {isa = PBXBuildFile; fileRef = 2610C1CD2122CCB6008AAE9A /* YQPhotoAlbumDetailViewController.m */; };
		266071302126A0290085942E /* YQPhotoAlbumDetailBottomView.m in Sources */ = {isa = PBXBuildFile; fileRef = 2660712F2126A0290085942E /* YQPhotoAlbumDetailBottomView.m */; };
		26B847AB2121A23C00A39637 /* AppDelegate.m in Sources */ = {isa = PBXBuildFile; fileRef = 26B847AA2121A23C00A39637 /* AppDelegate.m */; };
		26B847AE2121A23C00A39637 /* ViewController.m in Sources */ = {isa = PBXBuildFile; fileRef = 26B847AD2121A23C00A39637 /* ViewController.m */; };
		26B847B32121A23F00A39637 /* Assets.xcassets in Resources */ = {isa = PBXBuildFile; fileRef = 26B847B22121A23F00A39637 /* Assets.xcassets */; };
		26B847B92121A23F00A39637 /* main.m in Sources */ = {isa = PBXBuildFile; fileRef = 26B847B82121A23F00A39637 /* main.m */; };
		26B847CB2121A3D900A39637 /* YQPhotoBrowseViewController.m in Sources */ = {isa = PBXBuildFile; fileRef = 26B847C92121A3D900A39637 /* YQPhotoBrowseViewController.m */; };
		26B847CE2121A4E000A39637 /* YQPhotoItemCell.m in Sources */ = {isa = PBXBuildFile; fileRef = 26B847CD2121A4E000A39637 /* YQPhotoItemCell.m */; };
		26FB035F2123F9DD00D2F226 /* YQPhotoAlbumListCell.m in Sources */ = {isa = PBXBuildFile; fileRef = 26FB035D2123F9DD00D2F226 /* YQPhotoAlbumListCell.m */; };
		26FB03602123F9DD00D2F226 /* YQPhotoAlbumListCell.xib in Resources */ = {isa = PBXBuildFile; fileRef = 26FB035E2123F9DD00D2F226 /* YQPhotoAlbumListCell.xib */; };
		26FB0364212400F500D2F226 /* YQPhotoCollectionCell.m in Sources */ = {isa = PBXBuildFile; fileRef = 26FB0362212400F500D2F226 /* YQPhotoCollectionCell.m */; };
		26FB0365212400F500D2F226 /* YQPhotoCollectionCell.xib in Resources */ = {isa = PBXBuildFile; fileRef = 26FB0363212400F500D2F226 /* YQPhotoCollectionCell.xib */; };
		26FB03702125563E00D2F226 /* YQPhotoAlbumPreviewViewController.m in Sources */ = {isa = PBXBuildFile; fileRef = 26FB036F2125563E00D2F226 /* YQPhotoAlbumPreviewViewController.m */; };
		26FB037721255B7900D2F226 /* YQPhotoPreviewItemCell.m in Sources */ = {isa = PBXBuildFile; fileRef = 26FB037621255B7900D2F226 /* YQPhotoPreviewItemCell.m */; };
		26FB037D2125605100D2F226 /* YQPhotoPreviewNavBar.m in Sources */ = {isa = PBXBuildFile; fileRef = 26FB037B2125605100D2F226 /* YQPhotoPreviewNavBar.m */; };
		26FB03862125780C00D2F226 /* photo_select@2x.png in Resources */ = {isa = PBXBuildFile; fileRef = 26FB03842125780B00D2F226 /* photo_select@2x.png */; };
		26FB03872125780C00D2F226 /* photo_unselect@2x.png in Resources */ = {isa = PBXBuildFile; fileRef = 26FB03852125780C00D2F226 /* photo_unselect@2x.png */; };
		26FB038A2125800400D2F226 /* YQPhotoAlbumDetailToolView.m in Sources */ = {isa = PBXBuildFile; fileRef = 26FB03892125800400D2F226 /* YQPhotoAlbumDetailToolView.m */; };
		26FB038D2125829A00D2F226 /* original_unselect@2x.png in Resources */ = {isa = PBXBuildFile; fileRef = 26FB038B2125829900D2F226 /* original_unselect@2x.png */; };
		26FB038E2125829A00D2F226 /* original_select@2x.png in Resources */ = {isa = PBXBuildFile; fileRef = 26FB038C2125829900D2F226 /* original_select@2x.png */; };
		66C7AD7F4A4DE666125EA20B /* libPods-YQKit.a in Frameworks */ = {isa = PBXBuildFile; fileRef = 4E477981A29AA96FE57673D4 /* libPods-YQKit.a */; };
/* End PBXBuildFile section */

/* Begin PBXFileReference section */
		01A6B978966F54F0AB37BFCC /* Pods-YQKit.release.xcconfig */ = {isa = PBXFileReference; includeInIndex = 1; lastKnownFileType = text.xcconfig; name = "Pods-YQKit.release.xcconfig"; path = "Pods/Target Support Files/Pods-YQKit/Pods-YQKit.release.xcconfig"; sourceTree = "<group>"; };
		2610C1B521226B75008AAE9A /* back.png */ = {isa = PBXFileReference; lastKnownFileType = image.png; path = back.png; sourceTree = "<group>"; };
		2610C1B72122755C008AAE9A /* YQPhotoNavBarView.h */ = {isa = PBXFileReference; lastKnownFileType = sourcecode.c.h; path = YQPhotoNavBarView.h; sourceTree = "<group>"; };
		2610C1B82122755C008AAE9A /* YQPhotoNavBarView.m */ = {isa = PBXFileReference; lastKnownFileType = sourcecode.c.objc; path = YQPhotoNavBarView.m; sourceTree = "<group>"; };
		2610C1BE2122A4D5008AAE9A /* LaunchScreen.xib */ = {isa = PBXFileReference; lastKnownFileType = file.xib; path = LaunchScreen.xib; sourceTree = "<group>"; };
		2610C1C02122AD57008AAE9A /* YQPhotoPickerViewController.h */ = {isa = PBXFileReference; lastKnownFileType = sourcecode.c.h; path = YQPhotoPickerViewController.h; sourceTree = "<group>"; };
		2610C1C12122AD57008AAE9A /* YQPhotoPickerViewController.m */ = {isa = PBXFileReference; lastKnownFileType = sourcecode.c.objc; path = YQPhotoPickerViewController.m; sourceTree = "<group>"; };
		2610C1C32122B739008AAE9A /* YQPhotoAlbumListViewController.h */ = {isa = PBXFileReference; lastKnownFileType = sourcecode.c.h; path = YQPhotoAlbumListViewController.h; sourceTree = "<group>"; };
		2610C1C42122B739008AAE9A /* YQPhotoAlbumListViewController.m */ = {isa = PBXFileReference; lastKnownFileType = sourcecode.c.objc; path = YQPhotoAlbumListViewController.m; sourceTree = "<group>"; };
		2610C1C62122BBE5008AAE9A /* YQAlbumManager.h */ = {isa = PBXFileReference; lastKnownFileType = sourcecode.c.h; path = YQAlbumManager.h; sourceTree = "<group>"; };
		2610C1C72122BBE5008AAE9A /* YQAlbumManager.m */ = {isa = PBXFileReference; lastKnownFileType = sourcecode.c.objc; path = YQAlbumManager.m; sourceTree = "<group>"; };
		2610C1C92122C919008AAE9A /* YQAlbumModel.h */ = {isa = PBXFileReference; lastKnownFileType = sourcecode.c.h; path = YQAlbumModel.h; sourceTree = "<group>"; };
		2610C1CA2122C919008AAE9A /* YQAlbumModel.m */ = {isa = PBXFileReference; lastKnownFileType = sourcecode.c.objc; path = YQAlbumModel.m; sourceTree = "<group>"; };
		2610C1CC2122CCB6008AAE9A /* YQPhotoAlbumDetailViewController.h */ = {isa = PBXFileReference; lastKnownFileType = sourcecode.c.h; path = YQPhotoAlbumDetailViewController.h; sourceTree = "<group>"; };
		2610C1CD2122CCB6008AAE9A /* YQPhotoAlbumDetailViewController.m */ = {isa = PBXFileReference; lastKnownFileType = sourcecode.c.objc; path = YQPhotoAlbumDetailViewController.m; sourceTree = "<group>"; };
		2660712E2126A0290085942E /* YQPhotoAlbumDetailBottomView.h */ = {isa = PBXFileReference; lastKnownFileType = sourcecode.c.h; path = YQPhotoAlbumDetailBottomView.h; sourceTree = "<group>"; };
		2660712F2126A0290085942E /* YQPhotoAlbumDetailBottomView.m */ = {isa = PBXFileReference; lastKnownFileType = sourcecode.c.objc; path = YQPhotoAlbumDetailBottomView.m; sourceTree = "<group>"; };
		26B847A62121A23B00A39637 /* YQKit.app */ = {isa = PBXFileReference; explicitFileType = wrapper.application; includeInIndex = 0; path = YQKit.app; sourceTree = BUILT_PRODUCTS_DIR; };
		26B847A92121A23C00A39637 /* AppDelegate.h */ = {isa = PBXFileReference; lastKnownFileType = sourcecode.c.h; path = AppDelegate.h; sourceTree = "<group>"; };
		26B847AA2121A23C00A39637 /* AppDelegate.m */ = {isa = PBXFileReference; lastKnownFileType = sourcecode.c.objc; path = AppDelegate.m; sourceTree = "<group>"; };
		26B847AC2121A23C00A39637 /* ViewController.h */ = {isa = PBXFileReference; lastKnownFileType = sourcecode.c.h; path = ViewController.h; sourceTree = "<group>"; };
		26B847AD2121A23C00A39637 /* ViewController.m */ = {isa = PBXFileReference; lastKnownFileType = sourcecode.c.objc; path = ViewController.m; sourceTree = "<group>"; };
		26B847B22121A23F00A39637 /* Assets.xcassets */ = {isa = PBXFileReference; lastKnownFileType = folder.assetcatalog; path = Assets.xcassets; sourceTree = "<group>"; };
		26B847B72121A23F00A39637 /* Info.plist */ = {isa = PBXFileReference; lastKnownFileType = text.plist.xml; path = Info.plist; sourceTree = "<group>"; };
		26B847B82121A23F00A39637 /* main.m */ = {isa = PBXFileReference; lastKnownFileType = sourcecode.c.objc; path = main.m; sourceTree = "<group>"; };
		26B847C92121A3D900A39637 /* YQPhotoBrowseViewController.m */ = {isa = PBXFileReference; fileEncoding = 4; lastKnownFileType = sourcecode.c.objc; path = YQPhotoBrowseViewController.m; sourceTree = "<group>"; };
		26B847CA2121A3D900A39637 /* YQPhotoBrowseViewController.h */ = {isa = PBXFileReference; fileEncoding = 4; lastKnownFileType = sourcecode.c.h; path = YQPhotoBrowseViewController.h; sourceTree = "<group>"; };
		26B847CC2121A4E000A39637 /* YQPhotoItemCell.h */ = {isa = PBXFileReference; lastKnownFileType = sourcecode.c.h; path = YQPhotoItemCell.h; sourceTree = "<group>"; };
		26B847CD2121A4E000A39637 /* YQPhotoItemCell.m */ = {isa = PBXFileReference; lastKnownFileType = sourcecode.c.objc; path = YQPhotoItemCell.m; sourceTree = "<group>"; };
		26FB035C2123F9DD00D2F226 /* YQPhotoAlbumListCell.h */ = {isa = PBXFileReference; lastKnownFileType = sourcecode.c.h; path = YQPhotoAlbumListCell.h; sourceTree = "<group>"; };
		26FB035D2123F9DD00D2F226 /* YQPhotoAlbumListCell.m */ = {isa = PBXFileReference; lastKnownFileType = sourcecode.c.objc; path = YQPhotoAlbumListCell.m; sourceTree = "<group>"; };
		26FB035E2123F9DD00D2F226 /* YQPhotoAlbumListCell.xib */ = {isa = PBXFileReference; lastKnownFileType = file.xib; path = YQPhotoAlbumListCell.xib; sourceTree = "<group>"; };
		26FB0361212400F500D2F226 /* YQPhotoCollectionCell.h */ = {isa = PBXFileReference; lastKnownFileType = sourcecode.c.h; path = YQPhotoCollectionCell.h; sourceTree = "<group>"; };
		26FB0362212400F500D2F226 /* YQPhotoCollectionCell.m */ = {isa = PBXFileReference; lastKnownFileType = sourcecode.c.objc; path = YQPhotoCollectionCell.m; sourceTree = "<group>"; };
		26FB0363212400F500D2F226 /* YQPhotoCollectionCell.xib */ = {isa = PBXFileReference; lastKnownFileType = file.xib; path = YQPhotoCollectionCell.xib; sourceTree = "<group>"; };
		26FB036E2125563E00D2F226 /* YQPhotoAlbumPreviewViewController.h */ = {isa = PBXFileReference; lastKnownFileType = sourcecode.c.h; path = YQPhotoAlbumPreviewViewController.h; sourceTree = "<group>"; };
		26FB036F2125563E00D2F226 /* YQPhotoAlbumPreviewViewController.m */ = {isa = PBXFileReference; lastKnownFileType = sourcecode.c.objc; path = YQPhotoAlbumPreviewViewController.m; sourceTree = "<group>"; };
		26FB037521255B7900D2F226 /* YQPhotoPreviewItemCell.h */ = {isa = PBXFileReference; lastKnownFileType = sourcecode.c.h; path = YQPhotoPreviewItemCell.h; sourceTree = "<group>"; };
		26FB037621255B7900D2F226 /* YQPhotoPreviewItemCell.m */ = {isa = PBXFileReference; lastKnownFileType = sourcecode.c.objc; path = YQPhotoPreviewItemCell.m; sourceTree = "<group>"; };
		26FB037B2125605100D2F226 /* YQPhotoPreviewNavBar.m */ = {isa = PBXFileReference; fileEncoding = 4; lastKnownFileType = sourcecode.c.objc; path = YQPhotoPreviewNavBar.m; sourceTree = "<group>"; };
		26FB037C2125605100D2F226 /* YQPhotoPreviewNavBar.h */ = {isa = PBXFileReference; fileEncoding = 4; lastKnownFileType = sourcecode.c.h; path = YQPhotoPreviewNavBar.h; sourceTree = "<group>"; };
		26FB03842125780B00D2F226 /* photo_select@2x.png */ = {isa = PBXFileReference; lastKnownFileType = image.png; path = "photo_select@2x.png"; sourceTree = "<group>"; };
		26FB03852125780C00D2F226 /* photo_unselect@2x.png */ = {isa = PBXFileReference; lastKnownFileType = image.png; path = "photo_unselect@2x.png"; sourceTree = "<group>"; };
		26FB03882125800400D2F226 /* YQPhotoAlbumDetailToolView.h */ = {isa = PBXFileReference; lastKnownFileType = sourcecode.c.h; path = YQPhotoAlbumDetailToolView.h; sourceTree = "<group>"; };
		26FB03892125800400D2F226 /* YQPhotoAlbumDetailToolView.m */ = {isa = PBXFileReference; lastKnownFileType = sourcecode.c.objc; path = YQPhotoAlbumDetailToolView.m; sourceTree = "<group>"; };
		26FB038B2125829900D2F226 /* original_unselect@2x.png */ = {isa = PBXFileReference; lastKnownFileType = image.png; path = "original_unselect@2x.png"; sourceTree = "<group>"; };
		26FB038C2125829900D2F226 /* original_select@2x.png */ = {isa = PBXFileReference; lastKnownFileType = image.png; path = "original_select@2x.png"; sourceTree = "<group>"; };
		4E477981A29AA96FE57673D4 /* libPods-YQKit.a */ = {isa = PBXFileReference; explicitFileType = archive.ar; includeInIndex = 0; path = "libPods-YQKit.a"; sourceTree = BUILT_PRODUCTS_DIR; };
		6C84C26FF4C8A404AFC6A21A /* Pods-YQKit.debug.xcconfig */ = {isa = PBXFileReference; includeInIndex = 1; lastKnownFileType = text.xcconfig; name = "Pods-YQKit.debug.xcconfig"; path = "Pods/Target Support Files/Pods-YQKit/Pods-YQKit.debug.xcconfig"; sourceTree = "<group>"; };
/* End PBXFileReference section */

/* Begin PBXFrameworksBuildPhase section */
		26B847A32121A23B00A39637 /* Frameworks */ = {
			isa = PBXFrameworksBuildPhase;
			buildActionMask = 2147483647;
			files = (
				66C7AD7F4A4DE666125EA20B /* libPods-YQKit.a in Frameworks */,
			);
			runOnlyForDeploymentPostprocessing = 0;
		};
/* End PBXFrameworksBuildPhase section */

/* Begin PBXGroup section */
		11A27ECE2A2220658AB60598 /* Frameworks */ = {
			isa = PBXGroup;
			children = (
				4E477981A29AA96FE57673D4 /* libPods-YQKit.a */,
			);
			name = Frameworks;
			sourceTree = "<group>";
		};
		2610C1B221226A93008AAE9A /* Resources */ = {
			isa = PBXGroup;
			children = (
				2610C1B521226B75008AAE9A /* back.png */,
			);
			path = Resources;
			sourceTree = "<group>";
		};
		26B8479D2121A23B00A39637 = {
			isa = PBXGroup;
			children = (
				26B847A82121A23B00A39637 /* YQKit */,
				26B847A72121A23B00A39637 /* Products */,
				3192D9A2598BEC0D0D202290 /* Pods */,
				11A27ECE2A2220658AB60598 /* Frameworks */,
			);
			sourceTree = "<group>";
		};
		26B847A72121A23B00A39637 /* Products */ = {
			isa = PBXGroup;
			children = (
				26B847A62121A23B00A39637 /* YQKit.app */,
			);
			name = Products;
			sourceTree = "<group>";
		};
		26B847A82121A23B00A39637 /* YQKit */ = {
			isa = PBXGroup;
			children = (
				26B847BF2121A31600A39637 /* YQKit */,
				26B847A92121A23C00A39637 /* AppDelegate.h */,
				26B847AA2121A23C00A39637 /* AppDelegate.m */,
				26B847AC2121A23C00A39637 /* ViewController.h */,
				26B847AD2121A23C00A39637 /* ViewController.m */,
				2610C1BE2122A4D5008AAE9A /* LaunchScreen.xib */,
				26B847B22121A23F00A39637 /* Assets.xcassets */,
				26B847B72121A23F00A39637 /* Info.plist */,
				26B847B82121A23F00A39637 /* main.m */,
			);
			path = YQKit;
			sourceTree = "<group>";
		};
		26B847BF2121A31600A39637 /* YQKit */ = {
			isa = PBXGroup;
			children = (
				26B847C02121A38000A39637 /* YQPhotoKit */,
			);
			path = YQKit;
			sourceTree = "<group>";
		};
		26B847C02121A38000A39637 /* YQPhotoKit */ = {
			isa = PBXGroup;
			children = (
				26B847C12121A38000A39637 /* YQPhotoPicker */,
				26B847C22121A38000A39637 /* YQPhotoBrowse */,
			);
			path = YQPhotoKit;
			sourceTree = "<group>";
		};
		26B847C12121A38000A39637 /* YQPhotoPicker */ = {
			isa = PBXGroup;
			children = (
				26FB037221255AF300D2F226 /* Controller */,
				26FB037421255B1500D2F226 /* model */,
				26FB037321255B0500D2F226 /* View */,
				26FB037121255AE300D2F226 /* Resources */,
			);
			path = YQPhotoPicker;
			sourceTree = "<group>";
		};
		26B847C22121A38000A39637 /* YQPhotoBrowse */ = {
			isa = PBXGroup;
			children = (
				26B847C82121A3D900A39637 /* Controller */,
				26B847C72121A3D900A39637 /* Tools */,
				26B847C62121A3D900A39637 /* View */,
				2610C1B221226A93008AAE9A /* Resources */,
			);
			path = YQPhotoBrowse;
			sourceTree = "<group>";
		};
		26B847C62121A3D900A39637 /* View */ = {
			isa = PBXGroup;
			children = (
				26B847CC2121A4E000A39637 /* YQPhotoItemCell.h */,
				26B847CD2121A4E000A39637 /* YQPhotoItemCell.m */,
				2610C1B72122755C008AAE9A /* YQPhotoNavBarView.h */,
				2610C1B82122755C008AAE9A /* YQPhotoNavBarView.m */,
			);
			path = View;
			sourceTree = "<group>";
		};
		26B847C72121A3D900A39637 /* Tools */ = {
			isa = PBXGroup;
			children = (
			);
			path = Tools;
			sourceTree = "<group>";
		};
		26B847C82121A3D900A39637 /* Controller */ = {
			isa = PBXGroup;
			children = (
				26B847CA2121A3D900A39637 /* YQPhotoBrowseViewController.h */,
				26B847C92121A3D900A39637 /* YQPhotoBrowseViewController.m */,
			);
			path = Controller;
			sourceTree = "<group>";
		};
		26FB037121255AE300D2F226 /* Resources */ = {
			isa = PBXGroup;
			children = (
				26FB038C2125829900D2F226 /* original_select@2x.png */,
				26FB038B2125829900D2F226 /* original_unselect@2x.png */,
				26FB03842125780B00D2F226 /* photo_select@2x.png */,
				26FB03852125780C00D2F226 /* photo_unselect@2x.png */,
			);
			path = Resources;
			sourceTree = "<group>";
		};
		26FB037221255AF300D2F226 /* Controller */ = {
			isa = PBXGroup;
			children = (
				2610C1C02122AD57008AAE9A /* YQPhotoPickerViewController.h */,
				2610C1C12122AD57008AAE9A /* YQPhotoPickerViewController.m */,
				2610C1C32122B739008AAE9A /* YQPhotoAlbumListViewController.h */,
				2610C1C42122B739008AAE9A /* YQPhotoAlbumListViewController.m */,
				2610C1CC2122CCB6008AAE9A /* YQPhotoAlbumDetailViewController.h */,
				2610C1CD2122CCB6008AAE9A /* YQPhotoAlbumDetailViewController.m */,
				26FB036E2125563E00D2F226 /* YQPhotoAlbumPreviewViewController.h */,
				26FB036F2125563E00D2F226 /* YQPhotoAlbumPreviewViewController.m */,
			);
			path = Controller;
			sourceTree = "<group>";
		};
		26FB037321255B0500D2F226 /* View */ = {
			isa = PBXGroup;
			children = (
				26FB035C2123F9DD00D2F226 /* YQPhotoAlbumListCell.h */,
				26FB035D2123F9DD00D2F226 /* YQPhotoAlbumListCell.m */,
				26FB035E2123F9DD00D2F226 /* YQPhotoAlbumListCell.xib */,
				26FB0361212400F500D2F226 /* YQPhotoCollectionCell.h */,
				26FB0362212400F500D2F226 /* YQPhotoCollectionCell.m */,
				26FB0363212400F500D2F226 /* YQPhotoCollectionCell.xib */,
				26FB037521255B7900D2F226 /* YQPhotoPreviewItemCell.h */,
				26FB037621255B7900D2F226 /* YQPhotoPreviewItemCell.m */,
				26FB037C2125605100D2F226 /* YQPhotoPreviewNavBar.h */,
				26FB037B2125605100D2F226 /* YQPhotoPreviewNavBar.m */,
				26FB03882125800400D2F226 /* YQPhotoAlbumDetailToolView.h */,
				26FB03892125800400D2F226 /* YQPhotoAlbumDetailToolView.m */,
				2660712E2126A0290085942E /* YQPhotoAlbumDetailBottomView.h */,
				2660712F2126A0290085942E /* YQPhotoAlbumDetailBottomView.m */,
			);
			path = View;
			sourceTree = "<group>";
		};
		26FB037421255B1500D2F226 /* model */ = {
			isa = PBXGroup;
			children = (
				2610C1C62122BBE5008AAE9A /* YQAlbumManager.h */,
				2610C1C72122BBE5008AAE9A /* YQAlbumManager.m */,
				2610C1C92122C919008AAE9A /* YQAlbumModel.h */,
				2610C1CA2122C919008AAE9A /* YQAlbumModel.m */,
			);
			path = model;
			sourceTree = "<group>";
		};
		3192D9A2598BEC0D0D202290 /* Pods */ = {
			isa = PBXGroup;
			children = (
				6C84C26FF4C8A404AFC6A21A /* Pods-YQKit.debug.xcconfig */,
				01A6B978966F54F0AB37BFCC /* Pods-YQKit.release.xcconfig */,
			);
			name = Pods;
			sourceTree = "<group>";
		};
/* End PBXGroup section */

/* Begin PBXNativeTarget section */
		26B847A52121A23B00A39637 /* YQKit */ = {
			isa = PBXNativeTarget;
			buildConfigurationList = 26B847BC2121A23F00A39637 /* Build configuration list for PBXNativeTarget "YQKit" */;
			buildPhases = (
				55516716829917E801DF3BA4 /* [CP] Check Pods Manifest.lock */,
				26B847A22121A23B00A39637 /* Sources */,
				26B847A32121A23B00A39637 /* Frameworks */,
				26B847A42121A23B00A39637 /* Resources */,
			);
			buildRules = (
			);
			dependencies = (
			);
			name = YQKit;
			productName = YQKit;
			productReference = 26B847A62121A23B00A39637 /* YQKit.app */;
			productType = "com.apple.product-type.application";
		};
/* End PBXNativeTarget section */

/* Begin PBXProject section */
		26B8479E2121A23B00A39637 /* Project object */ = {
			isa = PBXProject;
			attributes = {
				LastUpgradeCheck = 0930;
				ORGANIZATIONNAME = xyq;
				TargetAttributes = {
					26B847A52121A23B00A39637 = {
						CreatedOnToolsVersion = 9.3.1;
					};
				};
			};
			buildConfigurationList = 26B847A12121A23B00A39637 /* Build configuration list for PBXProject "YQKit" */;
			compatibilityVersion = "Xcode 9.3";
			developmentRegion = en;
			hasScannedForEncodings = 0;
			knownRegions = (
				en,
				Base,
			);
			mainGroup = 26B8479D2121A23B00A39637;
			productRefGroup = 26B847A72121A23B00A39637 /* Products */;
			projectDirPath = "";
			projectRoot = "";
			targets = (
				26B847A52121A23B00A39637 /* YQKit */,
			);
		};
/* End PBXProject section */

/* Begin PBXResourcesBuildPhase section */
		26B847A42121A23B00A39637 /* Resources */ = {
			isa = PBXResourcesBuildPhase;
			buildActionMask = 2147483647;
			files = (
				26FB038E2125829A00D2F226 /* original_select@2x.png in Resources */,
				2610C1B621226B75008AAE9A /* back.png in Resources */,
				26FB0365212400F500D2F226 /* YQPhotoCollectionCell.xib in Resources */,
				2610C1BF2122A4D5008AAE9A /* LaunchScreen.xib in Resources */,
				26FB03862125780C00D2F226 /* photo_select@2x.png in Resources */,
				26FB038D2125829A00D2F226 /* original_unselect@2x.png in Resources */,
				26FB03602123F9DD00D2F226 /* YQPhotoAlbumListCell.xib in Resources */,
				26B847B32121A23F00A39637 /* Assets.xcassets in Resources */,
				26FB03872125780C00D2F226 /* photo_unselect@2x.png in Resources */,
			);
			runOnlyForDeploymentPostprocessing = 0;
		};
/* End PBXResourcesBuildPhase section */

/* Begin PBXShellScriptBuildPhase section */
		55516716829917E801DF3BA4 /* [CP] Check Pods Manifest.lock */ = {
			isa = PBXShellScriptBuildPhase;
			buildActionMask = 2147483647;
			files = (
			);
			inputPaths = (
				"${PODS_PODFILE_DIR_PATH}/Podfile.lock",
				"${PODS_ROOT}/Manifest.lock",
			);
			name = "[CP] Check Pods Manifest.lock";
			outputPaths = (
				"$(DERIVED_FILE_DIR)/Pods-YQKit-checkManifestLockResult.txt",
			);
			runOnlyForDeploymentPostprocessing = 0;
			shellPath = /bin/sh;
			shellScript = "diff \"${PODS_PODFILE_DIR_PATH}/Podfile.lock\" \"${PODS_ROOT}/Manifest.lock\" > /dev/null\nif [ $? != 0 ] ; then\n    # print error to STDERR\n    echo \"error: The sandbox is not in sync with the Podfile.lock. Run 'pod install' or update your CocoaPods installation.\" >&2\n    exit 1\nfi\n# This output is used by Xcode 'outputs' to avoid re-running this script phase.\necho \"SUCCESS\" > \"${SCRIPT_OUTPUT_FILE_0}\"\n";
			showEnvVarsInLog = 0;
		};
/* End PBXShellScriptBuildPhase section */

/* Begin PBXSourcesBuildPhase section */
		26B847A22121A23B00A39637 /* Sources */ = {
			isa = PBXSourcesBuildPhase;
			buildActionMask = 2147483647;
			files = (
				2610C1C22122AD57008AAE9A /* YQPhotoPickerViewController.m in Sources */,
				266071302126A0290085942E /* YQPhotoAlbumDetailBottomView.m in Sources */,
				26FB037D2125605100D2F226 /* YQPhotoPreviewNavBar.m in Sources */,
				2610C1CB2122C919008AAE9A /* YQAlbumModel.m in Sources */,
				26B847CE2121A4E000A39637 /* YQPhotoItemCell.m in Sources */,
				26B847AE2121A23C00A39637 /* ViewController.m in Sources */,
				26B847B92121A23F00A39637 /* main.m in Sources */,
				2610C1C82122BBE5008AAE9A /* YQAlbumManager.m in Sources */,
				26FB03702125563E00D2F226 /* YQPhotoAlbumPreviewViewController.m in Sources */,
				26FB035F2123F9DD00D2F226 /* YQPhotoAlbumListCell.m in Sources */,
				2610C1C52122B739008AAE9A /* YQPhotoAlbumListViewController.m in Sources */,
				26FB0364212400F500D2F226 /* YQPhotoCollectionCell.m in Sources */,
				2610C1B92122755C008AAE9A /* YQPhotoNavBarView.m in Sources */,
				26FB038A2125800400D2F226 /* YQPhotoAlbumDetailToolView.m in Sources */,
				26B847AB2121A23C00A39637 /* AppDelegate.m in Sources */,
				26FB037721255B7900D2F226 /* YQPhotoPreviewItemCell.m in Sources */,
				26B847CB2121A3D900A39637 /* YQPhotoBrowseViewController.m in Sources */,
				2610C1CE2122CCB6008AAE9A /* YQPhotoAlbumDetailViewController.m in Sources */,
			);
			runOnlyForDeploymentPostprocessing = 0;
		};
/* End PBXSourcesBuildPhase section */

/* Begin XCBuildConfiguration section */
		26B847BA2121A23F00A39637 /* Debug */ = {
			isa = XCBuildConfiguration;
			buildSettings = {
				ALWAYS_SEARCH_USER_PATHS = NO;
				CLANG_ANALYZER_NONNULL = YES;
				CLANG_ANALYZER_NUMBER_OBJECT_CONVERSION = YES_AGGRESSIVE;
				CLANG_CXX_LANGUAGE_STANDARD = "gnu++14";
				CLANG_CXX_LIBRARY = "libc++";
				CLANG_ENABLE_MODULES = YES;
				CLANG_ENABLE_OBJC_ARC = YES;
				CLANG_ENABLE_OBJC_WEAK = YES;
				CLANG_WARN_BLOCK_CAPTURE_AUTORELEASING = YES;
				CLANG_WARN_BOOL_CONVERSION = YES;
				CLANG_WARN_COMMA = YES;
				CLANG_WARN_CONSTANT_CONVERSION = YES;
				CLANG_WARN_DEPRECATED_OBJC_IMPLEMENTATIONS = YES;
				CLANG_WARN_DIRECT_OBJC_ISA_USAGE = YES_ERROR;
				CLANG_WARN_DOCUMENTATION_COMMENTS = YES;
				CLANG_WARN_EMPTY_BODY = YES;
				CLANG_WARN_ENUM_CONVERSION = YES;
				CLANG_WARN_INFINITE_RECURSION = YES;
				CLANG_WARN_INT_CONVERSION = YES;
				CLANG_WARN_NON_LITERAL_NULL_CONVERSION = YES;
				CLANG_WARN_OBJC_IMPLICIT_RETAIN_SELF = YES;
				CLANG_WARN_OBJC_LITERAL_CONVERSION = YES;
				CLANG_WARN_OBJC_ROOT_CLASS = YES_ERROR;
				CLANG_WARN_RANGE_LOOP_ANALYSIS = YES;
				CLANG_WARN_STRICT_PROTOTYPES = YES;
				CLANG_WARN_SUSPICIOUS_MOVE = YES;
				CLANG_WARN_UNGUARDED_AVAILABILITY = YES_AGGRESSIVE;
				CLANG_WARN_UNREACHABLE_CODE = YES;
				CLANG_WARN__DUPLICATE_METHOD_MATCH = YES;
				CODE_SIGN_IDENTITY = "iPhone Developer";
				COPY_PHASE_STRIP = NO;
				DEBUG_INFORMATION_FORMAT = dwarf;
				ENABLE_STRICT_OBJC_MSGSEND = YES;
				ENABLE_TESTABILITY = YES;
				GCC_C_LANGUAGE_STANDARD = gnu11;
				GCC_DYNAMIC_NO_PIC = NO;
				GCC_NO_COMMON_BLOCKS = YES;
				GCC_OPTIMIZATION_LEVEL = 0;
				GCC_PREPROCESSOR_DEFINITIONS = (
					"DEBUG=1",
					"$(inherited)",
				);
				GCC_WARN_64_TO_32_BIT_CONVERSION = YES;
				GCC_WARN_ABOUT_RETURN_TYPE = YES_ERROR;
				GCC_WARN_UNDECLARED_SELECTOR = YES;
				GCC_WARN_UNINITIALIZED_AUTOS = YES_AGGRESSIVE;
				GCC_WARN_UNUSED_FUNCTION = YES;
				GCC_WARN_UNUSED_VARIABLE = YES;
				IPHONEOS_DEPLOYMENT_TARGET = 11.3;
				MTL_ENABLE_DEBUG_INFO = YES;
				ONLY_ACTIVE_ARCH = YES;
				SDKROOT = iphoneos;
			};
			name = Debug;
		};
		26B847BB2121A23F00A39637 /* Release */ = {
			isa = XCBuildConfiguration;
			buildSettings = {
				ALWAYS_SEARCH_USER_PATHS = NO;
				CLANG_ANALYZER_NONNULL = YES;
				CLANG_ANALYZER_NUMBER_OBJECT_CONVERSION = YES_AGGRESSIVE;
				CLANG_CXX_LANGUAGE_STANDARD = "gnu++14";
				CLANG_CXX_LIBRARY = "libc++";
				CLANG_ENABLE_MODULES = YES;
				CLANG_ENABLE_OBJC_ARC = YES;
				CLANG_ENABLE_OBJC_WEAK = YES;
				CLANG_WARN_BLOCK_CAPTURE_AUTORELEASING = YES;
				CLANG_WARN_BOOL_CONVERSION = YES;
				CLANG_WARN_COMMA = YES;
				CLANG_WARN_CONSTANT_CONVERSION = YES;
				CLANG_WARN_DEPRECATED_OBJC_IMPLEMENTATIONS = YES;
				CLANG_WARN_DIRECT_OBJC_ISA_USAGE = YES_ERROR;
				CLANG_WARN_DOCUMENTATION_COMMENTS = YES;
				CLANG_WARN_EMPTY_BODY = YES;
				CLANG_WARN_ENUM_CONVERSION = YES;
				CLANG_WARN_INFINITE_RECURSION = YES;
				CLANG_WARN_INT_CONVERSION = YES;
				CLANG_WARN_NON_LITERAL_NULL_CONVERSION = YES;
				CLANG_WARN_OBJC_IMPLICIT_RETAIN_SELF = YES;
				CLANG_WARN_OBJC_LITERAL_CONVERSION = YES;
				CLANG_WARN_OBJC_ROOT_CLASS = YES_ERROR;
				CLANG_WARN_RANGE_LOOP_ANALYSIS = YES;
				CLANG_WARN_STRICT_PROTOTYPES = YES;
				CLANG_WARN_SUSPICIOUS_MOVE = YES;
				CLANG_WARN_UNGUARDED_AVAILABILITY = YES_AGGRESSIVE;
				CLANG_WARN_UNREACHABLE_CODE = YES;
				CLANG_WARN__DUPLICATE_METHOD_MATCH = YES;
				CODE_SIGN_IDENTITY = "iPhone Developer";
				COPY_PHASE_STRIP = NO;
				DEBUG_INFORMATION_FORMAT = "dwarf-with-dsym";
				ENABLE_NS_ASSERTIONS = NO;
				ENABLE_STRICT_OBJC_MSGSEND = YES;
				GCC_C_LANGUAGE_STANDARD = gnu11;
				GCC_NO_COMMON_BLOCKS = YES;
				GCC_WARN_64_TO_32_BIT_CONVERSION = YES;
				GCC_WARN_ABOUT_RETURN_TYPE = YES_ERROR;
				GCC_WARN_UNDECLARED_SELECTOR = YES;
				GCC_WARN_UNINITIALIZED_AUTOS = YES_AGGRESSIVE;
				GCC_WARN_UNUSED_FUNCTION = YES;
				GCC_WARN_UNUSED_VARIABLE = YES;
				IPHONEOS_DEPLOYMENT_TARGET = 11.3;
				MTL_ENABLE_DEBUG_INFO = NO;
				SDKROOT = iphoneos;
				VALIDATE_PRODUCT = YES;
			};
			name = Release;
		};
		26B847BD2121A23F00A39637 /* Debug */ = {
			isa = XCBuildConfiguration;
			baseConfigurationReference = 6C84C26FF4C8A404AFC6A21A /* Pods-YQKit.debug.xcconfig */;
			buildSettings = {
				ASSETCATALOG_COMPILER_APPICON_NAME = AppIcon;
				CODE_SIGN_STYLE = Automatic;
				DEVELOPMENT_TEAM = 69H7QSB2RS;
				INFOPLIST_FILE = YQKit/Info.plist;
				IPHONEOS_DEPLOYMENT_TARGET = 8.0;
				LD_RUNPATH_SEARCH_PATHS = (
					"$(inherited)",
					"@executable_path/Frameworks",
				);
				PRODUCT_BUNDLE_IDENTIFIER = xyq.YQKit;
				PRODUCT_NAME = "$(TARGET_NAME)";
				TARGETED_DEVICE_FAMILY = "1,2";
			};
			name = Debug;
		};
		26B847BE2121A23F00A39637 /* Release */ = {
			isa = XCBuildConfiguration;
			baseConfigurationReference = 01A6B978966F54F0AB37BFCC /* Pods-YQKit.release.xcconfig */;
			buildSettings = {
				ASSETCATALOG_COMPILER_APPICON_NAME = AppIcon;
				CODE_SIGN_STYLE = Automatic;
				DEVELOPMENT_TEAM = 69H7QSB2RS;
				INFOPLIST_FILE = YQKit/Info.plist;
				IPHONEOS_DEPLOYMENT_TARGET = 8.0;
				LD_RUNPATH_SEARCH_PATHS = (
					"$(inherited)",
					"@executable_path/Frameworks",
				);
				PRODUCT_BUNDLE_IDENTIFIER = xyq.YQKit;
				PRODUCT_NAME = "$(TARGET_NAME)";
				TARGETED_DEVICE_FAMILY = "1,2";
			};
			name = Release;
		};
/* End XCBuildConfiguration section */

/* Begin XCConfigurationList section */
		26B847A12121A23B00A39637 /* Build configuration list for PBXProject "YQKit" */ = {
			isa = XCConfigurationList;
			buildConfigurations = (
				26B847BA2121A23F00A39637 /* Debug */,
				26B847BB2121A23F00A39637 /* Release */,
			);
			defaultConfigurationIsVisible = 0;
			defaultConfigurationName = Release;
		};
		26B847BC2121A23F00A39637 /* Build configuration list for PBXNativeTarget "YQKit" */ = {
			isa = XCConfigurationList;
			buildConfigurations = (
				26B847BD2121A23F00A39637 /* Debug */,
				26B847BE2121A23F00A39637 /* Release */,
			);
			defaultConfigurationIsVisible = 0;
			defaultConfigurationName = Release;
		};
/* End XCConfigurationList section */
	};
	rootObject = 26B8479E2121A23B00A39637 /* Project object */;
}
